
Microsoft Visual Studio Solution File, Format Version 12.00
# Visual Studio Version 17
VisualStudioVersion = 17.1.31903.286
MinimumVisualStudioVersion = 10.0.40219.1
Project("{9A19103F-16F7-4668-BE54-9A1E7A4F7556}") = "FapClient.Core", "FapClient.Core\FapClient.Core.csproj", "{096BAEF4-18B8-456F-A753-7AC5D11706BE}"
EndProject
Project("{9A19103F-16F7-4668-BE54-9A1E7A4F7556}") = "FapClient.Web", "FapClient.Web\FapClient.Web.csproj", "{41C42EE4-64DC-4F7E-AE41-16389550E140}"
EndProject
Global
	GlobalSection(SolutionConfigurationPlatforms) = preSolution
		Debug|Any CPU = Debug|Any CPU
		Release|Any CPU = Release|Any CPU
	EndGlobalSection
	GlobalSection(ProjectConfigurationPlatforms) = postSolution
		{096BAEF4-18B8-456F-A753-7AC5D11706BE}.Debug|Any CPU.ActiveCfg = Debug|Any CPU
		{096BAEF4-18B8-456F-A753-7AC5D11706BE}.Debug|Any CPU.Build.0 = Debug|Any CPU
		{096BAEF4-18B8-456F-A753-7AC5D11706BE}.Release|Any CPU.ActiveCfg = Release|Any CPU
		{096BAEF4-18B8-456F-A753-7AC5D11706BE}.Release|Any CPU.Build.0 = Release|Any CPU
		{41C42EE4-64DC-4F7E-AE41-16389550E140}.Debug|Any CPU.ActiveCfg = Debug|Any CPU
		{41C42EE4-64DC-4F7E-AE41-16389550E140}.Debug|Any CPU.Build.0 = Debug|Any CPU
		{41C42EE4-64DC-4F7E-AE41-16389550E140}.Release|Any CPU.ActiveCfg = Release|Any CPU
		{41C42EE4-64DC-4F7E-AE41-16389550E140}.Release|Any CPU.Build.0 = Release|Any CPU
	EndGlobalSection
	GlobalSection(SolutionProperties) = preSolution
		HideSolutionNode = FALSE
	EndGlobalSection
	GlobalSection(ExtensibilityGlobals) = postSolution
		SolutionGuid = {9D36F7CD-409B-4704-9F6E-416D1D172D6C}
	EndGlobalSection
EndGlobal
